
Microsoft Visual Studio Solution File, Format Version 12.00
# Visual Studio Version 17
VisualStudioVersion = 17.1.32210.238
MinimumVisualStudioVersion = 10.0.40219.1
Project("{9A19103F-16F7-4668-BE54-9A1E7A4F7556}") = "Play.Catalog.Service", "Play.Catalog.Service.csproj", "{69ACE814-5EB6-4F92-A2C5-AC8CEBED134B}"
EndProject
Global
	GlobalSection(SolutionConfigurationPlatforms) = preSolution
		Debug|Any CPU = Debug|Any CPU
		Release|Any CPU = Release|Any CPU
	EndGlobalSection
	GlobalSection(ProjectConfigurationPlatforms) = postSolution
		{69ACE814-5EB6-4F92-A2C5-AC8CEBED134B}.Debug|Any CPU.ActiveCfg = Debug|Any CPU
		{69ACE814-5EB6-4F92-A2C5-AC8CEBED134B}.Debug|Any CPU.Build.0 = Debug|Any CPU
		{69ACE814-5EB6-4F92-A2C5-AC8CEBED134B}.Release|Any CPU.ActiveCfg = Release|Any CPU
		{69ACE814-5EB6-4F92-A2C5-AC8CEBED134B}.Release|Any CPU.Build.0 = Release|Any CPU
	EndGlobalSection
	GlobalSection(SolutionProperties) = preSolution
		HideSolutionNode = FALSE
	EndGlobalSection
	GlobalSection(ExtensibilityGlobals) = postSolution
		SolutionGuid = {44108343-3D29-422B-ACD2-FE0508F80DD5}
	EndGlobalSection
EndGlobal
